
Microsoft Visual Studio Solution File, Format Version 12.00
# Visual Studio Version 16
VisualStudioVersion = 16.0.30002.166
MinimumVisualStudioVersion = 10.0.40219.1
Project("{FAE04EC0-301F-11D3-BF4B-00C04F79EFBC}") = "HomeWork1-1", "HomeWork1-1\HomeWork1-1.csproj", "{888A6F7B-6595-462C-9E77-AB6FBF4C596A}"
EndProject
Project("{2150E333-8FDC-42A3-9474-1A3956D46DE8}") = "HomeWork1", "HomeWork1", "{E95391CC-6E8D-4C8D-8104-B69F226E3A30}"
EndProject
Project("{FAE04EC0-301F-11D3-BF4B-00C04F79EFBC}") = "Library", "Library\Library.csproj", "{6300DB23-1B19-4833-A877-EF83F5DE0D2D}"
EndProject
Project("{FAE04EC0-301F-11D3-BF4B-00C04F79EFBC}") = "HomeWork1-2", "HomeWork1-2\HomeWork1-2.csproj", "{6A6C5F76-ECFD-412C-ADFA-B635928355FB}"
EndProject
Project("{FAE04EC0-301F-11D3-BF4B-00C04F79EFBC}") = "HomeWork1-3", "HomeWork1-3\HomeWork1-3.csproj", "{2164CDC1-207F-4468-8AD2-F99902D4E99E}"
EndProject
Project("{FAE04EC0-301F-11D3-BF4B-00C04F79EFBC}") = "HomeWork1-4", "HomeWork1-4\HomeWork1-4.csproj", "{081AEE43-79F5-48FF-AF92-E28AE892FA8C}"
EndProject
Project("{FAE04EC0-301F-11D3-BF4B-00C04F79EFBC}") = "HomeWork1-5", "HomeWork1-5\HomeWork1-5.csproj", "{898820F0-8F90-4A4B-9A92-39C5028E5F26}"
EndProject
Project("{2150E333-8FDC-42A3-9474-1A3956D46DE8}") = "Homework2", "Homework2", "{3594E2FC-E945-4BF1-84B2-177F2A3F53FF}"
EndProject
Project("{FAE04EC0-301F-11D3-BF4B-00C04F79EFBC}") = "HomeWork2", "HomeWork2\HomeWork2.csproj", "{29A158AC-A1A6-4A6C-AC90-C39A5D42327B}"
EndProject
Project("{2150E333-8FDC-42A3-9474-1A3956D46DE8}") = "HomeWork3", "HomeWork3", "{C6C93E3C-E6C7-4107-AEF5-F581EBDC6DC0}"
EndProject
Project("{FAE04EC0-301F-11D3-BF4B-00C04F79EFBC}") = "HomeWork3", "HomeWork3\HomeWork3.csproj", "{26CFED7A-3729-442F-84E9-CDAA73477C0A}"
EndProject
Project("{2150E333-8FDC-42A3-9474-1A3956D46DE8}") = "HomeWork4", "HomeWork4", "{026F6766-E8F4-4E99-AC77-2B08454AB8EC}"
EndProject
Project("{FAE04EC0-301F-11D3-BF4B-00C04F79EFBC}") = "HomeWork4", "HomeWork4\HomeWork4.csproj", "{8CD15FBB-DF72-4B39-9342-4F567229354F}"
EndProject
Global
	GlobalSection(SolutionConfigurationPlatforms) = preSolution
		Debug|Any CPU = Debug|Any CPU
		Release|Any CPU = Release|Any CPU
	EndGlobalSection
	GlobalSection(ProjectConfigurationPlatforms) = postSolution
		{888A6F7B-6595-462C-9E77-AB6FBF4C596A}.Debug|Any CPU.ActiveCfg = Debug|Any CPU
		{888A6F7B-6595-462C-9E77-AB6FBF4C596A}.Debug|Any CPU.Build.0 = Debug|Any CPU
		{888A6F7B-6595-462C-9E77-AB6FBF4C596A}.Release|Any CPU.ActiveCfg = Release|Any CPU
		{888A6F7B-6595-462C-9E77-AB6FBF4C596A}.Release|Any CPU.Build.0 = Release|Any CPU
		{6300DB23-1B19-4833-A877-EF83F5DE0D2D}.Debug|Any CPU.ActiveCfg = Debug|Any CPU
		{6300DB23-1B19-4833-A877-EF83F5DE0D2D}.Debug|Any CPU.Build.0 = Debug|Any CPU
		{6300DB23-1B19-4833-A877-EF83F5DE0D2D}.Release|Any CPU.ActiveCfg = Release|Any CPU
		{6300DB23-1B19-4833-A877-EF83F5DE0D2D}.Release|Any CPU.Build.0 = Release|Any CPU
		{6A6C5F76-ECFD-412C-ADFA-B635928355FB}.Debug|Any CPU.ActiveCfg = Debug|Any CPU
		{6A6C5F76-ECFD-412C-ADFA-B635928355FB}.Debug|Any CPU.Build.0 = Debug|Any CPU
		{6A6C5F76-ECFD-412C-ADFA-B635928355FB}.Release|Any CPU.ActiveCfg = Release|Any CPU
		{6A6C5F76-ECFD-412C-ADFA-B635928355FB}.Release|Any CPU.Build.0 = Release|Any CPU
		{2164CDC1-207F-4468-8AD2-F99902D4E99E}.Debug|Any CPU.ActiveCfg = Debug|Any CPU
		{2164CDC1-207F-4468-8AD2-F99902D4E99E}.Debug|Any CPU.Build.0 = Debug|Any CPU
		{2164CDC1-207F-4468-8AD2-F99902D4E99E}.Release|Any CPU.ActiveCfg = Release|Any CPU
		{2164CDC1-207F-4468-8AD2-F99902D4E99E}.Release|Any CPU.Build.0 = Release|Any CPU
		{081AEE43-79F5-48FF-AF92-E28AE892FA8C}.Debug|Any CPU.ActiveCfg = Debug|Any CPU
		{081AEE43-79F5-48FF-AF92-E28AE892FA8C}.Debug|Any CPU.Build.0 = Debug|Any CPU
		{081AEE43-79F5-48FF-AF92-E28AE892FA8C}.Release|Any CPU.ActiveCfg = Release|Any CPU
		{081AEE43-79F5-48FF-AF92-E28AE892FA8C}.Release|Any CPU.Build.0 = Release|Any CPU
		{898820F0-8F90-4A4B-9A92-39C5028E5F26}.Debug|Any CPU.ActiveCfg = Debug|Any CPU
		{898820F0-8F90-4A4B-9A92-39C5028E5F26}.Debug|Any CPU.Build.0 = Debug|Any CPU
		{898820F0-8F90-4A4B-9A92-39C5028E5F26}.Release|Any CPU.ActiveCfg = Release|Any CPU
		{898820F0-8F90-4A4B-9A92-39C5028E5F26}.Release|Any CPU.Build.0 = Release|Any CPU
		{29A158AC-A1A6-4A6C-AC90-C39A5D42327B}.Debug|Any CPU.ActiveCfg = Debug|Any CPU
		{29A158AC-A1A6-4A6C-AC90-C39A5D42327B}.Debug|Any CPU.Build.0 = Debug|Any CPU
		{29A158AC-A1A6-4A6C-AC90-C39A5D42327B}.Release|Any CPU.ActiveCfg = Release|Any CPU
		{29A158AC-A1A6-4A6C-AC90-C39A5D42327B}.Release|Any CPU.Build.0 = Release|Any CPU
		{26CFED7A-3729-442F-84E9-CDAA73477C0A}.Debug|Any CPU.ActiveCfg = Debug|Any CPU
		{26CFED7A-3729-442F-84E9-CDAA73477C0A}.Debug|Any CPU.Build.0 = Debug|Any CPU
		{26CFED7A-3729-442F-84E9-CDAA73477C0A}.Release|Any CPU.ActiveCfg = Release|Any CPU
		{26CFED7A-3729-442F-84E9-CDAA73477C0A}.Release|Any CPU.Build.0 = Release|Any CPU
		{8CD15FBB-DF72-4B39-9342-4F567229354F}.Debug|Any CPU.ActiveCfg = Debug|Any CPU
		{8CD15FBB-DF72-4B39-9342-4F567229354F}.Debug|Any CPU.Build.0 = Debug|Any CPU
		{8CD15FBB-DF72-4B39-9342-4F567229354F}.Release|Any CPU.ActiveCfg = Release|Any CPU
		{8CD15FBB-DF72-4B39-9342-4F567229354F}.Release|Any CPU.Build.0 = Release|Any CPU
	EndGlobalSection
	GlobalSection(SolutionProperties) = preSolution
		HideSolutionNode = FALSE
	EndGlobalSection
	GlobalSection(NestedProjects) = preSolution
		{888A6F7B-6595-462C-9E77-AB6FBF4C596A} = {E95391CC-6E8D-4C8D-8104-B69F226E3A30}
		{6A6C5F76-ECFD-412C-ADFA-B635928355FB} = {E95391CC-6E8D-4C8D-8104-B69F226E3A30}
		{2164CDC1-207F-4468-8AD2-F99902D4E99E} = {E95391CC-6E8D-4C8D-8104-B69F226E3A30}
		{081AEE43-79F5-48FF-AF92-E28AE892FA8C} = {E95391CC-6E8D-4C8D-8104-B69F226E3A30}
		{898820F0-8F90-4A4B-9A92-39C5028E5F26} = {E95391CC-6E8D-4C8D-8104-B69F226E3A30}
		{29A158AC-A1A6-4A6C-AC90-C39A5D42327B} = {3594E2FC-E945-4BF1-84B2-177F2A3F53FF}
		{26CFED7A-3729-442F-84E9-CDAA73477C0A} = {C6C93E3C-E6C7-4107-AEF5-F581EBDC6DC0}
		{8CD15FBB-DF72-4B39-9342-4F567229354F} = {026F6766-E8F4-4E99-AC77-2B08454AB8EC}
	EndGlobalSection
	GlobalSection(ExtensibilityGlobals) = postSolution
		SolutionGuid = {05D8B96E-5349-4E0E-85AB-35E490846F1B}
	EndGlobalSection
EndGlobal
